{
  "name": "lambda-app",
  "version": "1.0.0",
  "lockfileVersion": 2,
  "requires": true,
  "packages": {
    "": {
      "name": "lambda-app",
      "version": "1.0.0",
      "license": "ISC",
      "dependencies": {
        "@prisma/client": "4.11.0-integration-log-engine-init.1"
      },
      "devDependencies": {
        "prisma": "4.11.0-integration-log-engine-init.1"
      }
    },
    "node_modules/@prisma/client": {
      "version": "4.11.0-integration-log-engine-init.1",
      "resolved": "https://registry.npmjs.org/@prisma/client/-/client-4.11.0-integration-log-engine-init.1.tgz",
      "integrity": "sha512-vfKb81x//vmanHFHjNDQizladvQEcLdUdadMHjxB+s4Zp8SbpIgji7+7GkERRZ4g+6LtibEJ3gGmqDMHvQ64tA==",
      "hasInstallScript": true,
      "dependencies": {
        "@prisma/engines-version": "4.11.0-27.1930990e330e6d756a3a360fdde6566a653b8ba8"
      },
      "engines": {
        "node": ">=14.17"
      },
      "peerDependencies": {
        "prisma": "*"
      },
      "peerDependenciesMeta": {
        "prisma": {
          "optional": true
        }
      }
    },
    "node_modules/@prisma/engines": {
      "version": "4.11.0-integration-log-engine-init.1",
      "resolved": "https://registry.npmjs.org/@prisma/engines/-/engines-4.11.0-integration-log-engine-init.1.tgz",
      "integrity": "sha512-8SecnEJph2/TKZlFKQiOC1kekEoY9mULCB2KG2A7e/pVvp1t59El5ZkmVBx9VkxvRT0t7f/kZvEazndCUlxHwA==",
      "devOptional": true,
      "hasInstallScript": true
    },
    "node_modules/@prisma/engines-version": {
      "version": "4.11.0-27.1930990e330e6d756a3a360fdde6566a653b8ba8",
      "resolved": "https://registry.npmjs.org/@prisma/engines-version/-/engines-version-4.11.0-27.1930990e330e6d756a3a360fdde6566a653b8ba8.tgz",
      "integrity": "sha512-jBJOK+t26Sj8+/6uEVBeRLCeEsxxhlZ6cDYBUv7BoOqqz9hRe6BvOy6l25L0Ta1QdekqBfniRkRQP2hAlk9YNg=="
    },
    "node_modules/prisma": {
      "version": "4.11.0-integration-log-engine-init.1",
      "resolved": "https://registry.npmjs.org/prisma/-/prisma-4.11.0-integration-log-engine-init.1.tgz",
      "integrity": "sha512-UenRN8niUIQ0emAmVgigHmGM5OulF7VFi0pznjlZIiUlBq6Qa96VGDSaiZ7QmGOOwC4wy7qTGNEZpDCNp9BmzA==",
      "devOptional": true,
      "hasInstallScript": true,
      "dependencies": {
        "@prisma/engines": "4.11.0-integration-log-engine-init.1"
      },
      "bin": {
        "prisma": "build/index.js",
        "prisma2": "build/index.js"
      },
      "engines": {
        "node": ">=14.17"
      }
    }
  },
  "dependencies": {
    "@prisma/client": {
      "version": "4.11.0-integration-log-engine-init.1",
      "resolved": "https://registry.npmjs.org/@prisma/client/-/client-4.11.0-integration-log-engine-init.1.tgz",
      "integrity": "sha512-vfKb81x//vmanHFHjNDQizladvQEcLdUdadMHjxB+s4Zp8SbpIgji7+7GkERRZ4g+6LtibEJ3gGmqDMHvQ64tA==",
      "requires": {
        "@prisma/engines-version": "4.11.0-27.1930990e330e6d756a3a360fdde6566a653b8ba8"
      }
    },
    "@prisma/engines": {
      "version": "4.11.0-integration-log-engine-init.1",
      "resolved": "https://registry.npmjs.org/@prisma/engines/-/engines-4.11.0-integration-log-engine-init.1.tgz",
      "integrity": "sha512-8SecnEJph2/TKZlFKQiOC1kekEoY9mULCB2KG2A7e/pVvp1t59El5ZkmVBx9VkxvRT0t7f/kZvEazndCUlxHwA==",
      "devOptional": true
    },
    "@prisma/engines-version": {
      "version": "4.11.0-27.1930990e330e6d756a3a360fdde6566a653b8ba8",
      "resolved": "https://registry.npmjs.org/@prisma/engines-version/-/engines-version-4.11.0-27.1930990e330e6d756a3a360fdde6566a653b8ba8.tgz",
      "integrity": "sha512-jBJOK+t26Sj8+/6uEVBeRLCeEsxxhlZ6cDYBUv7BoOqqz9hRe6BvOy6l25L0Ta1QdekqBfniRkRQP2hAlk9YNg=="
    },
    "prisma": {
      "version": "4.11.0-integration-log-engine-init.1",
      "resolved": "https://registry.npmjs.org/prisma/-/prisma-4.11.0-integration-log-engine-init.1.tgz",
      "integrity": "sha512-UenRN8niUIQ0emAmVgigHmGM5OulF7VFi0pznjlZIiUlBq6Qa96VGDSaiZ7QmGOOwC4wy7qTGNEZpDCNp9BmzA==",
      "devOptional": true,
      "requires": {
        "@prisma/engines": "4.11.0-integration-log-engine-init.1"
      }
    }
  }
}
